
Microsoft Visual Studio Solution File, Format Version 12.00
# Visual Studio Version 17
VisualStudioVersion = 17.5.33516.290
MinimumVisualStudioVersion = 10.0.40219.1
Project("{2150E333-8FDC-42A3-9474-1A3956D46DE8}") = "0 - Modeling and design", "0 - Modeling and design", "{D56687CF-9EB3-4326-914B-C373C4614421}"
	ProjectSection(SolutionItems) = preProject
		0 - Modeling and design\README.txt = 0 - Modeling and design\README.txt
	EndProjectSection
EndProject
Project("{2150E333-8FDC-42A3-9474-1A3956D46DE8}") = "1 - Layers", "1 - Layers", "{12705C0C-AC38-4828-BBCA-56C0D406B991}"
EndProject
Project("{2150E333-8FDC-42A3-9474-1A3956D46DE8}") = "2 - Database", "2 - Database", "{B56E15E6-4B54-474B-B392-84BBF4C7FFE3}"
EndProject
Project("{2150E333-8FDC-42A3-9474-1A3956D46DE8}") = "1.1 - Presentation", "1.1 - Presentation", "{A7639497-C07E-49A0-85D4-430FE04EBF04}"
	ProjectSection(SolutionItems) = preProject
		1 - Layers\1.1 Presentation\README.txt = 1 - Layers\1.1 Presentation\README.txt
	EndProjectSection
EndProject
Project("{2150E333-8FDC-42A3-9474-1A3956D46DE8}") = "1.2 - Distributed services", "1.2 - Distributed services", "{E6F0DFD5-253B-40A8-8296-B93913E3894E}"
EndProject
Project("{2150E333-8FDC-42A3-9474-1A3956D46DE8}") = "1.3 - Application", "1.3 - Application", "{3334CCD6-4D64-45C8-B713-497C7391C8CC}"
EndProject
Project("{2150E333-8FDC-42A3-9474-1A3956D46DE8}") = "1.4 - Domain", "1.4 - Domain", "{EE82B78D-6595-43D6-971A-C6AD58677650}"
	ProjectSection(SolutionItems) = preProject
		1 - Layers\1.4 - Domain\README.txt = 1 - Layers\1.4 - Domain\README.txt
	EndProjectSection
EndProject
Project("{2150E333-8FDC-42A3-9474-1A3956D46DE8}") = "1.5 - Infrastructure", "1.5 - Infrastructure", "{0B16AFD5-E07A-4277-810E-A56335C979D2}"
	ProjectSection(SolutionItems) = preProject
		1 - Layers\1.5 - Infrastructure\README.txt = 1 - Layers\1.5 - Infrastructure\README.txt
	EndProjectSection
EndProject
Project("{2150E333-8FDC-42A3-9474-1A3956D46DE8}") = "Solution items", "Solution items", "{17552491-C7A8-48B6-A9AB-BD2D26B152B5}"
EndProject
Project("{2150E333-8FDC-42A3-9474-1A3956D46DE8}") = "Agents", "Agents", "{2CCA2462-7AFF-449E-9457-3617CD9181AC}"
EndProject
Project("{2150E333-8FDC-42A3-9474-1A3956D46DE8}") = "RIA", "RIA", "{73CC7D71-355E-4DDD-9583-D4C6F760DACA}"
EndProject
Project("{2150E333-8FDC-42A3-9474-1A3956D46DE8}") = "Silverlight", "Silverlight", "{C677EFE5-D112-42D2-B864-4C23E14A31B2}"
EndProject
Project("{2150E333-8FDC-42A3-9474-1A3956D46DE8}") = "Silverlight Mobile", "Silverlight Mobile", "{AF4370FC-FD64-4555-BE66-966D264CBF5A}"
EndProject
Project("{2150E333-8FDC-42A3-9474-1A3956D46DE8}") = "Web", "Web", "{E0630BB0-5CEE-442C-B3D3-D727CDA65F82}"
EndProject
Project("{2150E333-8FDC-42A3-9474-1A3956D46DE8}") = "ASP.NET", "ASP.NET", "{5C566862-93C5-45EE-8087-5B1766F759A4}"
EndProject
Project("{2150E333-8FDC-42A3-9474-1A3956D46DE8}") = "ASP.NET MVC", "ASP.NET MVC", "{FCC63F28-F3BD-4F36-A935-6A1A85589FCF}"
EndProject
Project("{2150E333-8FDC-42A3-9474-1A3956D46DE8}") = "Windows", "Windows", "{0F295226-BADD-4A29-8BA7-985631F680E1}"
EndProject
Project("{2150E333-8FDC-42A3-9474-1A3956D46DE8}") = "OBA", "OBA", "{AC21CE36-3307-4AB5-BE5D-F2F350AF3F9F}"
EndProject
Project("{2150E333-8FDC-42A3-9474-1A3956D46DE8}") = "WinForms", "WinForms", "{9690BD92-C06B-4ABB-AC31-1B4F2FB957F7}"
EndProject
Project("{2150E333-8FDC-42A3-9474-1A3956D46DE8}") = "WPF", "WPF", "{7A4B4E86-7A5D-4F72-A6BA-E1AC22B11428}"
EndProject
Project("{2150E333-8FDC-42A3-9474-1A3956D46DE8}") = "1.4.1 - Core", "1.4.1 - Core", "{F8721CE8-833B-4F55-8978-212DD2AC4003}"
EndProject
Project("{2150E333-8FDC-42A3-9474-1A3956D46DE8}") = "1.4.2 - MainModule", "1.4.2 - MainModule", "{EFA6F96D-BB98-4465-B6BB-E861AE0712C7}"
EndProject
Project("{2150E333-8FDC-42A3-9474-1A3956D46DE8}") = "1.5.1 - Data", "1.5.1 - Data", "{18F957BC-217E-4174-9C71-7F688354C8C0}"
EndProject
Project("{2150E333-8FDC-42A3-9474-1A3956D46DE8}") = "1.5.2 - Cross Cutting", "1.5.2 - Cross Cutting", "{A80EA54C-DB26-499E-99D6-D27E3790E684}"
	ProjectSection(SolutionItems) = preProject
		README.txt = README.txt
	EndProjectSection
EndProject
Project("{2150E333-8FDC-42A3-9474-1A3956D46DE8}") = "1.2.1 - Core", "1.2.1 - Core", "{BF0AC299-73AC-4686-BFA7-3455A09D7846}"
EndProject
Project("{2150E333-8FDC-42A3-9474-1A3956D46DE8}") = "1.2.2 - MainModule", "1.2.2 - MainModule", "{40C3F04F-5503-4E8E-8992-0E574F286ED8}"
EndProject
Project("{2150E333-8FDC-42A3-9474-1A3956D46DE8}") = "1.3.1 - MainModule", "1.3.1 - MainModule", "{12B06CAA-5828-4FD6-81FE-41359B45880B}"
EndProject
Project("{9A19103F-16F7-4668-BE54-9A1E7A4F7556}") = "Domain.Core", "1 - Layers\1.4 - Domain\1.4.1 - Core\Domain.Core\Domain.Core.csproj", "{A05C9A04-DB31-4DB3-A234-A5787075BA43}"
EndProject
Project("{9A19103F-16F7-4668-BE54-9A1E7A4F7556}") = "Domain.Core.Entities", "1 - Layers\1.4 - Domain\1.4.1 - Core\Domain.Core.Entities\Domain.Core.Entities.csproj", "{D4A30A2D-2578-4F72-B753-63140B053412}"
EndProject
Project("{9A19103F-16F7-4668-BE54-9A1E7A4F7556}") = "Domain.Core.Tests", "1 - Layers\1.4 - Domain\1.4.1 - Core\Domain.Core.Tests\Domain.Core.Tests.csproj", "{D2C90C40-FBB7-4F2F-9B13-3B37A656FC4A}"
EndProject
Project("{9A19103F-16F7-4668-BE54-9A1E7A4F7556}") = "Domain.MainModule", "1 - Layers\1.4 - Domain\1.4.2 - MainModule\Domain.MainModule\Domain.MainModule.csproj", "{936933E7-1927-4B69-98A3-9989BC08F0FD}"
EndProject
Project("{9A19103F-16F7-4668-BE54-9A1E7A4F7556}") = "Domain.MainModule.Entities", "1 - Layers\1.4 - Domain\1.4.2 - MainModule\Domain.MainModule.Entities\Domain.MainModule.Entities.csproj", "{8558E677-8DDB-4B25-8678-E1902B476ABB}"
EndProject
Project("{9A19103F-16F7-4668-BE54-9A1E7A4F7556}") = "Domain.MainModule.Tests", "1 - Layers\1.4 - Domain\1.4.2 - MainModule\Domain.MainModule.Tests\Domain.MainModule.Tests.csproj", "{D25EF79F-7903-46E4-AF57-977C8FA08E35}"
EndProject
Project("{9A19103F-16F7-4668-BE54-9A1E7A4F7556}") = "Infrastructure.Data.Core", "1 - Layers\1.5 - Infrastructure\1.5.1 - Data\Infrastructure.Data.Core\Infrastructure.Data.Core.csproj", "{4BFBF8D3-FAAB-4F6C-B2E4-C8D2645ECA1C}"
EndProject
Project("{9A19103F-16F7-4668-BE54-9A1E7A4F7556}") = "Infrastructure.Data.Core.Tests", "1 - Layers\1.5 - Infrastructure\1.5.1 - Data\Infrastructure.Data.Core.Tests\Infrastructure.Data.Core.Tests.csproj", "{3FA10501-776B-4DCB-9EB4-72AF86FF3265}"
EndProject
Project("{9A19103F-16F7-4668-BE54-9A1E7A4F7556}") = "Infrastructure.Data.MainModule", "1 - Layers\1.5 - Infrastructure\1.5.1 - Data\Infrastructure.Data.MainModule\Infrastructure.Data.MainModule.csproj", "{FD38F86A-4929-4032-B956-91E9FB44FD69}"
EndProject
Global
	GlobalSection(SolutionConfigurationPlatforms) = preSolution
		Debug|Any CPU = Debug|Any CPU
		Release|Any CPU = Release|Any CPU
	EndGlobalSection
	GlobalSection(ProjectConfigurationPlatforms) = postSolution
		{A05C9A04-DB31-4DB3-A234-A5787075BA43}.Debug|Any CPU.ActiveCfg = Debug|Any CPU
		{A05C9A04-DB31-4DB3-A234-A5787075BA43}.Debug|Any CPU.Build.0 = Debug|Any CPU
		{A05C9A04-DB31-4DB3-A234-A5787075BA43}.Release|Any CPU.ActiveCfg = Release|Any CPU
		{A05C9A04-DB31-4DB3-A234-A5787075BA43}.Release|Any CPU.Build.0 = Release|Any CPU
		{D4A30A2D-2578-4F72-B753-63140B053412}.Debug|Any CPU.ActiveCfg = Debug|Any CPU
		{D4A30A2D-2578-4F72-B753-63140B053412}.Debug|Any CPU.Build.0 = Debug|Any CPU
		{D4A30A2D-2578-4F72-B753-63140B053412}.Release|Any CPU.ActiveCfg = Release|Any CPU
		{D4A30A2D-2578-4F72-B753-63140B053412}.Release|Any CPU.Build.0 = Release|Any CPU
		{D2C90C40-FBB7-4F2F-9B13-3B37A656FC4A}.Debug|Any CPU.ActiveCfg = Debug|Any CPU
		{D2C90C40-FBB7-4F2F-9B13-3B37A656FC4A}.Debug|Any CPU.Build.0 = Debug|Any CPU
		{D2C90C40-FBB7-4F2F-9B13-3B37A656FC4A}.Release|Any CPU.ActiveCfg = Release|Any CPU
		{D2C90C40-FBB7-4F2F-9B13-3B37A656FC4A}.Release|Any CPU.Build.0 = Release|Any CPU
		{936933E7-1927-4B69-98A3-9989BC08F0FD}.Debug|Any CPU.ActiveCfg = Debug|Any CPU
		{936933E7-1927-4B69-98A3-9989BC08F0FD}.Debug|Any CPU.Build.0 = Debug|Any CPU
		{936933E7-1927-4B69-98A3-9989BC08F0FD}.Release|Any CPU.ActiveCfg = Release|Any CPU
		{936933E7-1927-4B69-98A3-9989BC08F0FD}.Release|Any CPU.Build.0 = Release|Any CPU
		{8558E677-8DDB-4B25-8678-E1902B476ABB}.Debug|Any CPU.ActiveCfg = Debug|Any CPU
		{8558E677-8DDB-4B25-8678-E1902B476ABB}.Debug|Any CPU.Build.0 = Debug|Any CPU
		{8558E677-8DDB-4B25-8678-E1902B476ABB}.Release|Any CPU.ActiveCfg = Release|Any CPU
		{8558E677-8DDB-4B25-8678-E1902B476ABB}.Release|Any CPU.Build.0 = Release|Any CPU
		{D25EF79F-7903-46E4-AF57-977C8FA08E35}.Debug|Any CPU.ActiveCfg = Debug|Any CPU
		{D25EF79F-7903-46E4-AF57-977C8FA08E35}.Debug|Any CPU.Build.0 = Debug|Any CPU
		{D25EF79F-7903-46E4-AF57-977C8FA08E35}.Release|Any CPU.ActiveCfg = Release|Any CPU
		{D25EF79F-7903-46E4-AF57-977C8FA08E35}.Release|Any CPU.Build.0 = Release|Any CPU
		{4BFBF8D3-FAAB-4F6C-B2E4-C8D2645ECA1C}.Debug|Any CPU.ActiveCfg = Debug|Any CPU
		{4BFBF8D3-FAAB-4F6C-B2E4-C8D2645ECA1C}.Debug|Any CPU.Build.0 = Debug|Any CPU
		{4BFBF8D3-FAAB-4F6C-B2E4-C8D2645ECA1C}.Release|Any CPU.ActiveCfg = Release|Any CPU
		{4BFBF8D3-FAAB-4F6C-B2E4-C8D2645ECA1C}.Release|Any CPU.Build.0 = Release|Any CPU
		{3FA10501-776B-4DCB-9EB4-72AF86FF3265}.Debug|Any CPU.ActiveCfg = Debug|Any CPU
		{3FA10501-776B-4DCB-9EB4-72AF86FF3265}.Debug|Any CPU.Build.0 = Debug|Any CPU
		{3FA10501-776B-4DCB-9EB4-72AF86FF3265}.Release|Any CPU.ActiveCfg = Release|Any CPU
		{3FA10501-776B-4DCB-9EB4-72AF86FF3265}.Release|Any CPU.Build.0 = Release|Any CPU
		{FD38F86A-4929-4032-B956-91E9FB44FD69}.Debug|Any CPU.ActiveCfg = Debug|Any CPU
		{FD38F86A-4929-4032-B956-91E9FB44FD69}.Debug|Any CPU.Build.0 = Debug|Any CPU
		{FD38F86A-4929-4032-B956-91E9FB44FD69}.Release|Any CPU.ActiveCfg = Release|Any CPU
		{FD38F86A-4929-4032-B956-91E9FB44FD69}.Release|Any CPU.Build.0 = Release|Any CPU
	EndGlobalSection
	GlobalSection(SolutionProperties) = preSolution
		HideSolutionNode = FALSE
	EndGlobalSection
	GlobalSection(NestedProjects) = preSolution
		{A7639497-C07E-49A0-85D4-430FE04EBF04} = {12705C0C-AC38-4828-BBCA-56C0D406B991}
		{E6F0DFD5-253B-40A8-8296-B93913E3894E} = {12705C0C-AC38-4828-BBCA-56C0D406B991}
		{3334CCD6-4D64-45C8-B713-497C7391C8CC} = {12705C0C-AC38-4828-BBCA-56C0D406B991}
		{EE82B78D-6595-43D6-971A-C6AD58677650} = {12705C0C-AC38-4828-BBCA-56C0D406B991}
		{0B16AFD5-E07A-4277-810E-A56335C979D2} = {12705C0C-AC38-4828-BBCA-56C0D406B991}
		{2CCA2462-7AFF-449E-9457-3617CD9181AC} = {A7639497-C07E-49A0-85D4-430FE04EBF04}
		{73CC7D71-355E-4DDD-9583-D4C6F760DACA} = {A7639497-C07E-49A0-85D4-430FE04EBF04}
		{C677EFE5-D112-42D2-B864-4C23E14A31B2} = {73CC7D71-355E-4DDD-9583-D4C6F760DACA}
		{AF4370FC-FD64-4555-BE66-966D264CBF5A} = {73CC7D71-355E-4DDD-9583-D4C6F760DACA}
		{E0630BB0-5CEE-442C-B3D3-D727CDA65F82} = {A7639497-C07E-49A0-85D4-430FE04EBF04}
		{5C566862-93C5-45EE-8087-5B1766F759A4} = {E0630BB0-5CEE-442C-B3D3-D727CDA65F82}
		{FCC63F28-F3BD-4F36-A935-6A1A85589FCF} = {E0630BB0-5CEE-442C-B3D3-D727CDA65F82}
		{0F295226-BADD-4A29-8BA7-985631F680E1} = {A7639497-C07E-49A0-85D4-430FE04EBF04}
		{AC21CE36-3307-4AB5-BE5D-F2F350AF3F9F} = {0F295226-BADD-4A29-8BA7-985631F680E1}
		{9690BD92-C06B-4ABB-AC31-1B4F2FB957F7} = {0F295226-BADD-4A29-8BA7-985631F680E1}
		{7A4B4E86-7A5D-4F72-A6BA-E1AC22B11428} = {0F295226-BADD-4A29-8BA7-985631F680E1}
		{F8721CE8-833B-4F55-8978-212DD2AC4003} = {EE82B78D-6595-43D6-971A-C6AD58677650}
		{EFA6F96D-BB98-4465-B6BB-E861AE0712C7} = {EE82B78D-6595-43D6-971A-C6AD58677650}
		{18F957BC-217E-4174-9C71-7F688354C8C0} = {0B16AFD5-E07A-4277-810E-A56335C979D2}
		{A80EA54C-DB26-499E-99D6-D27E3790E684} = {0B16AFD5-E07A-4277-810E-A56335C979D2}
		{BF0AC299-73AC-4686-BFA7-3455A09D7846} = {E6F0DFD5-253B-40A8-8296-B93913E3894E}
		{40C3F04F-5503-4E8E-8992-0E574F286ED8} = {E6F0DFD5-253B-40A8-8296-B93913E3894E}
		{12B06CAA-5828-4FD6-81FE-41359B45880B} = {3334CCD6-4D64-45C8-B713-497C7391C8CC}
		{A05C9A04-DB31-4DB3-A234-A5787075BA43} = {F8721CE8-833B-4F55-8978-212DD2AC4003}
		{D4A30A2D-2578-4F72-B753-63140B053412} = {F8721CE8-833B-4F55-8978-212DD2AC4003}
		{D2C90C40-FBB7-4F2F-9B13-3B37A656FC4A} = {F8721CE8-833B-4F55-8978-212DD2AC4003}
		{936933E7-1927-4B69-98A3-9989BC08F0FD} = {EFA6F96D-BB98-4465-B6BB-E861AE0712C7}
		{8558E677-8DDB-4B25-8678-E1902B476ABB} = {EFA6F96D-BB98-4465-B6BB-E861AE0712C7}
		{D25EF79F-7903-46E4-AF57-977C8FA08E35} = {EFA6F96D-BB98-4465-B6BB-E861AE0712C7}
		{4BFBF8D3-FAAB-4F6C-B2E4-C8D2645ECA1C} = {18F957BC-217E-4174-9C71-7F688354C8C0}
		{3FA10501-776B-4DCB-9EB4-72AF86FF3265} = {18F957BC-217E-4174-9C71-7F688354C8C0}
		{FD38F86A-4929-4032-B956-91E9FB44FD69} = {18F957BC-217E-4174-9C71-7F688354C8C0}
	EndGlobalSection
	GlobalSection(ExtensibilityGlobals) = postSolution
		SolutionGuid = {6D4902D8-E5B0-4BFD-8D54-A51222483FCB}
	EndGlobalSection
EndGlobal
